
Microsoft Visual Studio Solution File, Format Version 12.00
# Visual Studio Version 17
VisualStudioVersion = 17.8.34511.84
MinimumVisualStudioVersion = 10.0.40219.1
Project("{FAE04EC0-301F-11D3-BF4B-00C04F79EFBC}") = "Calculator1", "Calculator1\Calculator1.csproj", "{6B47A198-1DD1-4257-BD17-41EF11806504}"
EndProject
Global
	GlobalSection(SolutionConfigurationPlatforms) = preSolution
		Debug|Any CPU = Debug|Any CPU
		Release|Any CPU = Release|Any CPU
	EndGlobalSection
	GlobalSection(ProjectConfigurationPlatforms) = postSolution
		{6B47A198-1DD1-4257-BD17-41EF11806504}.Debug|Any CPU.ActiveCfg = Debug|Any CPU
		{6B47A198-1DD1-4257-BD17-41EF11806504}.Debug|Any CPU.Build.0 = Debug|Any CPU
		{6B47A198-1DD1-4257-BD17-41EF11806504}.Release|Any CPU.ActiveCfg = Release|Any CPU
		{6B47A198-1DD1-4257-BD17-41EF11806504}.Release|Any CPU.Build.0 = Release|Any CPU
	EndGlobalSection
	GlobalSection(SolutionProperties) = preSolution
		HideSolutionNode = FALSE
	EndGlobalSection
	GlobalSection(ExtensibilityGlobals) = postSolution
		SolutionGuid = {2FA45B54-3E12-4638-B916-3D90DDFDAFFA}
	EndGlobalSection
EndGlobal
